github.com/openfluke/paragon/v3 v3.0.0 h1:MRzAwC8xE5Wq7BkHg7jw8NGTTX0IS24Lf/qi+6dBb74=
github.com/openfluke/paragon/v3 v3.0.0/go.mod h1:rENPkft4pPEo75qILGFlZ35r2kSPvTnQFM4CX+V9qf4=
github.com/openfluke/paragon/v3 v3.0.1 h1:g2TLNJWnfrkdtOYWGhnwCDOnya21gefzRIo8ZgFDWhQ=
github.com/openfluke/paragon/v3 v3.0.1/go.mod h1:rENPkft4pPEo75qILGFlZ35r2kSPvTnQFM4CX+V9qf4=
github.com/openfluke/paragon/v3 v3.0.2 h1:pePvvTyMYmwXTPdJuRrkORkPoibKqc+Wd2n8YFpwv3Q=
github.com/openfluke/paragon/v3 v3.0.2/go.mod h1:rENPkft4pPEo75qILGFlZ35r2kSPvTnQFM4CX+V9qf4=
github.com/openfluke/paragon/v3 v3.1.0 h1:DYGydF49C6m336hou66IIOeW0pVyX0Fiv5NqH62l4v8=
github.com/openfluke/paragon/v3 v3.1.0/go.mod h1:rENPkft4pPEo75qILGFlZ35r2kSPvTnQFM4CX+V9qf4=
github.com/openfluke/paragon/v3 v3.1.1 h1:GfFwSxeI6VZ9xQk4vFY6LLbw8n76d112X3GBo/gjB1g=
github.com/openfluke/paragon/v3 v3.1.1/go.mod h1:rENPkft4pPEo75qILGFlZ35r2kSPvTnQFM4CX+V9qf4=
github.com/openfluke/paragon/v3 v3.1.2 h1:s69/ZY7aCtQ4hPayLdlMIMwAs0jIiWLQAchfu1M8gvM=
github.com/openfluke/paragon/v3 v3.1.2/go.mod h1:rENPkft4pPEo75qILGFlZ35r2kSPvTnQFM4CX+V9qf4=
github.com/openfluke/paragon/v3 v3.1.3 h1:vGxESWu6wzx3nIdx0e+1kPFJDf72qqPfZ1rXQ1JfGDs=
github.com/openfluke/paragon/v3 v3.1.3/go.mod h1:6TRf4rLZrSd9HSlv6z6xWoD2/YMN/gqHSdhj3tMyRCI=
github.com/openfluke/paragon/v3 v3.1.4 h1:ZYGSi2PqNBScLN+8ImEGBg5ikNS+H5wR/M2Cjsm3HRI=
github.com/openfluke/paragon/v3 v3.1.4/go.mod h1:6TRf4rLZrSd9HSlv6z6xWoD2/YMN/gqHSdhj3tMyRCI=
github.com/openfluke/webgpu v0.0.0-20250602002809-2a3d4670a0d4 h1:ERg69QxWU6JYHBAlQ25m6PMPbcFtLQibMAz5lVvOCbg=
github.com/openfluke/webgpu v0.0.0-20250602002809-2a3d4670a0d4/go.mod h1:072J6eEkBj9KgFzMY1RMgscUnu3EfTZsQABObSMZy1c=
github.com/openfluke/webgpu v0.0.0-20250602005907-ad2e76f7888f h1:ZVeq99Nq5aLOB3KVogbE89lwevtxw2T/g2UcdqoAyhE=
github.com/openfluke/webgpu v0.0.0-20250602005907-ad2e76f7888f/go.mod h1:072J6eEkBj9KgFzMY1RMgscUnu3EfTZsQABObSMZy1c=
github.com/openfluke/webgpu v0.0.0-20250606222233-a660a6f9b6f2 h1:VuoY3EWQghSBbgV0RNx1ujbrLfHqqoe4awayvzpXTHM=
github.com/openfluke/webgpu v0.0.0-20250606222233-a660a6f9b6f2/go.mod h1:072J6eEkBj9KgFzMY1RMgscUnu3EfTZsQABObSMZy1c=
github.com/openfluke/webgpu v0.0.0-20250606223236-19921e3fedc2 h1:Wmy0IOGV981pWBoTrJqr+vRj6oLW9GCIfyhnbrQxAJ0=
github.com/openfluke/webgpu v0.0.0-20250606223236-19921e3fedc2/go.mod h1:072J6eEkBj9KgFzMY1RMgscUnu3EfTZsQABObSMZy1c=
github.com/openfluke/webgpu v0.0.0-20250606223622-ea0f1659b3ca h1:1aQitMW+ZzWXcOjcecnb0eiP9e9rLj5qTSlGnDh8zjQ=
github.com/openfluke/webgpu v0.0.0-20250606223622-ea0f1659b3ca/go.mod h1:072J6eEkBj9KgFzMY1RMgscUnu3EfTZsQABObSMZy1c=
github.com/openfluke/webgpu v0.0.1 h1:hfpOT+sz36eWUCD+pyzSal2TixyCABtXNcBEr9psCd4=
github.com/openfluke/webgpu v0.0.1/go.mod h1:072J6eEkBj9KgFzMY1RMgscUnu3EfTZsQABObSMZy1c=
